
Microsoft Visual Studio Solution File, Format Version 12.00
# Visual Studio 15
Project("{FAE04EC0-301F-11D3-BF4B-00C04F79EFBC}") = "Assembly-CSharp", "Assembly-CSharp.csproj", "{4DB4AF40-91E8-55E9-DF3A-B9C7428DB2E7}"
EndProject
Project("{FAE04EC0-301F-11D3-BF4B-00C04F79EFBC}") = "Assembly-CSharp-firstpass", "Assembly-CSharp-firstpass.csproj", "{6A7F5FC8-251E-9444-89B3-20C1FF9A7DFD}"
EndProject
Global
	GlobalSection(SolutionConfigurationPlatforms) = preSolution
		Debug|Any CPU = Debug|Any CPU
		Release|Any CPU = Release|Any CPU
	EndGlobalSection
	GlobalSection(ProjectConfigurationPlatforms) = postSolution
		{4DB4AF40-91E8-55E9-DF3A-B9C7428DB2E7}.Debug|Any CPU.ActiveCfg = Debug|Any CPU
		{4DB4AF40-91E8-55E9-DF3A-B9C7428DB2E7}.Debug|Any CPU.Build.0 = Debug|Any CPU
		{4DB4AF40-91E8-55E9-DF3A-B9C7428DB2E7}.Release|Any CPU.ActiveCfg = Release|Any CPU
		{4DB4AF40-91E8-55E9-DF3A-B9C7428DB2E7}.Release|Any CPU.Build.0 = Release|Any CPU
		{6A7F5FC8-251E-9444-89B3-20C1FF9A7DFD}.Debug|Any CPU.ActiveCfg = Debug|Any CPU
		{6A7F5FC8-251E-9444-89B3-20C1FF9A7DFD}.Debug|Any CPU.Build.0 = Debug|Any CPU
		{6A7F5FC8-251E-9444-89B3-20C1FF9A7DFD}.Release|Any CPU.ActiveCfg = Release|Any CPU
		{6A7F5FC8-251E-9444-89B3-20C1FF9A7DFD}.Release|Any CPU.Build.0 = Release|Any CPU
	EndGlobalSection
	GlobalSection(SolutionProperties) = preSolution
		HideSolutionNode = FALSE
	EndGlobalSection
EndGlobal
